
Microsoft Visual Studio Solution File, Format Version 12.00
# Visual Studio Version 17
VisualStudioVersion = 17.2.32630.192
MinimumVisualStudioVersion = 10.0.40219.1
Project("{FAE04EC0-301F-11D3-BF4B-00C04F79EFBC}") = "Cleaner", "Cleaner.csproj", "{C5267590-0018-4058-BC5A-817E81D2422F}"
EndProject
Global
	GlobalSection(SolutionConfigurationPlatforms) = preSolution
		Debug|Any CPU = Debug|Any CPU
		Release|Any CPU = Release|Any CPU
	EndGlobalSection
	GlobalSection(ProjectConfigurationPlatforms) = postSolution
		{C5267590-0018-4058-BC5A-817E81D2422F}.Debug|Any CPU.ActiveCfg = Debug|Any CPU
		{C5267590-0018-4058-BC5A-817E81D2422F}.Debug|Any CPU.Build.0 = Debug|Any CPU
		{C5267590-0018-4058-BC5A-817E81D2422F}.Release|Any CPU.ActiveCfg = Release|Any CPU
		{C5267590-0018-4058-BC5A-817E81D2422F}.Release|Any CPU.Build.0 = Release|Any CPU
	EndGlobalSection
	GlobalSection(SolutionProperties) = preSolution
		HideSolutionNode = FALSE
	EndGlobalSection
	GlobalSection(ExtensibilityGlobals) = postSolution
		SolutionGuid = {C7A018D6-6902-4685-83C0-F57E50BFDE34}
	EndGlobalSection
EndGlobal
